// !$*UTF8*$!
{
	archiveVersion = 1;
	classes = {
	};
	objectVersion = 56;
	objects = {

/* Begin PBXBuildFile section */
		8549B86929C1B01D00F8F79C /* Photo.swift in Sources */ = {isa = PBXBuildFile; fileRef = 8549B86829C1B01D00F8F79C /* Photo.swift */; };
		8549B86D29C1B62400F8F79C /* PhotoSize.swift in Sources */ = {isa = PBXBuildFile; fileRef = 8549B86C29C1B62400F8F79C /* PhotoSize.swift */; };
		8549B86F29C1B63700F8F79C /* JokeType.swift in Sources */ = {isa = PBXBuildFile; fileRef = 8549B86E29C1B63700F8F79C /* JokeType.swift */; };
		858A136329F949FF00FD6018 /* UserAvatarView.swift in Sources */ = {isa = PBXBuildFile; fileRef = 858A136229F949FF00FD6018 /* UserAvatarView.swift */; };
		858A136529F96B5200FD6018 /* LoadingImageView.swift in Sources */ = {isa = PBXBuildFile; fileRef = 858A136429F96B5200FD6018 /* LoadingImageView.swift */; };
		85BF7A5529C8639B00825E28 /* JokesStyle.swift in Sources */ = {isa = PBXBuildFile; fileRef = 85BF7A5429C8639B00825E28 /* JokesStyle.swift */; };
		85CB816D29C36E3B0083625D /* EndpointsBuilder.swift in Sources */ = {isa = PBXBuildFile; fileRef = 85CB816C29C36E3B0083625D /* EndpointsBuilder.swift */; };
		85CB816F29C36E460083625D /* OperationRequestBuilder.swift in Sources */ = {isa = PBXBuildFile; fileRef = 85CB816E29C36E460083625D /* OperationRequestBuilder.swift */; };
		85CB817229C36E8D0083625D /* UserToken.swift in Sources */ = {isa = PBXBuildFile; fileRef = 85CB817129C36E8D0083625D /* UserToken.swift */; };
		85CB817429C3749B0083625D /* OperationError.swift in Sources */ = {isa = PBXBuildFile; fileRef = 85CB817329C3749B0083625D /* OperationError.swift */; };
		85CB817629C374A50083625D /* OperationErrorCode.swift in Sources */ = {isa = PBXBuildFile; fileRef = 85CB817529C374A50083625D /* OperationErrorCode.swift */; };
		85CB817929C375610083625D /* AsynchronousOperation.swift in Sources */ = {isa = PBXBuildFile; fileRef = 85CB817829C375610083625D /* AsynchronousOperation.swift */; };
		85CB817B29C375860083625D /* DataTaskOperation.swift in Sources */ = {isa = PBXBuildFile; fileRef = 85CB817A29C375860083625D /* DataTaskOperation.swift */; };
		85CB817D29C375980083625D /* DataTaskOperation+Logging.swift in Sources */ = {isa = PBXBuildFile; fileRef = 85CB817C29C375980083625D /* DataTaskOperation+Logging.swift */; };
		85CB817F29C375AF0083625D /* LocalDataTaskOperation.swift in Sources */ = {isa = PBXBuildFile; fileRef = 85CB817E29C375AF0083625D /* LocalDataTaskOperation.swift */; };
		85CB818129C375BB0083625D /* OperationStatusCode.swift in Sources */ = {isa = PBXBuildFile; fileRef = 85CB818029C375BB0083625D /* OperationStatusCode.swift */; };
		85CB818429C43CEF0083625D /* APIResponse.swift in Sources */ = {isa = PBXBuildFile; fileRef = 85CB818329C43CEF0083625D /* APIResponse.swift */; };
		85CB818729C43D5D0083625D /* DateFormatter+UTC.swift in Sources */ = {isa = PBXBuildFile; fileRef = 85CB818629C43D5D0083625D /* DateFormatter+UTC.swift */; };
		85CB818C29C43DAF0083625D /* TaskConfigurator.swift in Sources */ = {isa = PBXBuildFile; fileRef = 85CB818B29C43DAF0083625D /* TaskConfigurator.swift */; };
		85CB818F29C43DF30083625D /* TaskEnvironment.swift in Sources */ = {isa = PBXBuildFile; fileRef = 85CB818E29C43DF30083625D /* TaskEnvironment.swift */; };
		85CB819329C43EAD0083625D /* GetJokesOperationRequestBuilder.swift in Sources */ = {isa = PBXBuildFile; fileRef = 85CB819229C43EAD0083625D /* GetJokesOperationRequestBuilder.swift */; };
		85CB819529C43EB70083625D /* GetJokesOperation.swift in Sources */ = {isa = PBXBuildFile; fileRef = 85CB819429C43EB70083625D /* GetJokesOperation.swift */; };
		85CB819729C43EC00083625D /* GetJokesOperationModel.swift in Sources */ = {isa = PBXBuildFile; fileRef = 85CB819629C43EC00083625D /* GetJokesOperationModel.swift */; };
		85CB819929C43ECC0083625D /* GetJokesLocalOperation.swift in Sources */ = {isa = PBXBuildFile; fileRef = 85CB819829C43ECC0083625D /* GetJokesLocalOperation.swift */; };
		85CB819E29C4475F0083625D /* JokesTask.swift in Sources */ = {isa = PBXBuildFile; fileRef = 85CB819D29C4475F0083625D /* JokesTask.swift */; };
		85CB81A429C44C350083625D /* Localizable.strings in Resources */ = {isa = PBXBuildFile; fileRef = 85CB81A629C44C350083625D /* Localizable.strings */; };
		85CB81AE29C44DA50083625D /* Helvetica-Bold.ttf in Resources */ = {isa = PBXBuildFile; fileRef = 85CB81A929C44DA50083625D /* Helvetica-Bold.ttf */; };
		85CB81AF29C44DA50083625D /* Helvetica-Oblique.ttf in Resources */ = {isa = PBXBuildFile; fileRef = 85CB81AA29C44DA50083625D /* Helvetica-Oblique.ttf */; };
		85CB81B029C44DA50083625D /* Helvetica-Light.ttf in Resources */ = {isa = PBXBuildFile; fileRef = 85CB81AB29C44DA50083625D /* Helvetica-Light.ttf */; };
		85CB81B129C44DA50083625D /* Helvetica-BoldOblique.ttf in Resources */ = {isa = PBXBuildFile; fileRef = 85CB81AC29C44DA50083625D /* Helvetica-BoldOblique.ttf */; };
		85CB81B229C44DA50083625D /* Helvetica.ttf in Resources */ = {isa = PBXBuildFile; fileRef = 85CB81AD29C44DA50083625D /* Helvetica.ttf */; };
		85CB81B729C44F890083625D /* ApplicationConstraints.swift in Sources */ = {isa = PBXBuildFile; fileRef = 85CB81B629C44F890083625D /* ApplicationConstraints.swift */; };
		85CB81B929C44F920083625D /* ApplicationStyle.swift in Sources */ = {isa = PBXBuildFile; fileRef = 85CB81B829C44F920083625D /* ApplicationStyle.swift */; };
		85CB81BC29C452440083625D /* Color+Hex.swift in Sources */ = {isa = PBXBuildFile; fileRef = 85CB81BB29C452440083625D /* Color+Hex.swift */; };
		85CB81D729C467850083625D /* JokesPresenter.swift in Sources */ = {isa = PBXBuildFile; fileRef = 85CB81D029C467850083625D /* JokesPresenter.swift */; };
		85CB81D829C467850083625D /* JokeTextCell.swift in Sources */ = {isa = PBXBuildFile; fileRef = 85CB81D229C467850083625D /* JokeTextCell.swift */; };
		85CB81D929C467850083625D /* JokesInteractor.swift in Sources */ = {isa = PBXBuildFile; fileRef = 85CB81D329C467850083625D /* JokesInteractor.swift */; };
		85CB81DA29C467850083625D /* JokesWorker.swift in Sources */ = {isa = PBXBuildFile; fileRef = 85CB81D429C467850083625D /* JokesWorker.swift */; };
		85CB81DB29C467850083625D /* JokesModels.swift in Sources */ = {isa = PBXBuildFile; fileRef = 85CB81D529C467850083625D /* JokesModels.swift */; };
		85CB81DC29C467850083625D /* JokesView.swift in Sources */ = {isa = PBXBuildFile; fileRef = 85CB81D629C467850083625D /* JokesView.swift */; };
		85CB81DF29C46AB60083625D /* TaskProtocol.swift in Sources */ = {isa = PBXBuildFile; fileRef = 85CB81DE29C46AB60083625D /* TaskProtocol.swift */; };
		85DECED029C0928C00C63AEF /* JokesApp.swift in Sources */ = {isa = PBXBuildFile; fileRef = 85DECECF29C0928C00C63AEF /* JokesApp.swift */; };
		85DECED229C0928C00C63AEF /* ContentView.swift in Sources */ = {isa = PBXBuildFile; fileRef = 85DECED129C0928C00C63AEF /* ContentView.swift */; };
		85DECED429C0928D00C63AEF /* Assets.xcassets in Resources */ = {isa = PBXBuildFile; fileRef = 85DECED329C0928D00C63AEF /* Assets.xcassets */; };
		85DECED729C0928D00C63AEF /* Preview Assets.xcassets in Resources */ = {isa = PBXBuildFile; fileRef = 85DECED629C0928D00C63AEF /* Preview Assets.xcassets */; };
		85DECEE129C0928D00C63AEF /* JokesTests.swift in Sources */ = {isa = PBXBuildFile; fileRef = 85DECEE029C0928D00C63AEF /* JokesTests.swift */; };
		85DECEEB29C0928D00C63AEF /* JokesUITests.swift in Sources */ = {isa = PBXBuildFile; fileRef = 85DECEEA29C0928D00C63AEF /* JokesUITests.swift */; };
		85DECEED29C0928D00C63AEF /* JokesUITestsLaunchTests.swift in Sources */ = {isa = PBXBuildFile; fileRef = 85DECEEC29C0928D00C63AEF /* JokesUITestsLaunchTests.swift */; };
		85DECEFD29C09D8E00C63AEF /* BundleConfiguration.swift in Sources */ = {isa = PBXBuildFile; fileRef = 85DECEFC29C09D8E00C63AEF /* BundleConfiguration.swift */; };
		85DECF0F29C0AF3900C63AEF /* LocalDevelopment.xcconfig in Resources */ = {isa = PBXBuildFile; fileRef = 85DECF0829C0AF3900C63AEF /* LocalDevelopment.xcconfig */; };
		85DECF1029C0AF3900C63AEF /* Development.xcconfig in Resources */ = {isa = PBXBuildFile; fileRef = 85DECF0929C0AF3900C63AEF /* Development.xcconfig */; };
		85DECF1229C0AF3900C63AEF /* Production.xcconfig in Resources */ = {isa = PBXBuildFile; fileRef = 85DECF0C29C0AF3900C63AEF /* Production.xcconfig */; };
		85DECF1329C0AF3900C63AEF /* LocalProduction.xcconfig in Resources */ = {isa = PBXBuildFile; fileRef = 85DECF0D29C0AF3900C63AEF /* LocalProduction.xcconfig */; };
		85DECF1A29C0BAA700C63AEF /* Joke.swift in Sources */ = {isa = PBXBuildFile; fileRef = 85DECF1929C0BAA700C63AEF /* Joke.swift */; };
		85DECF1C29C0BC9B00C63AEF /* User.swift in Sources */ = {isa = PBXBuildFile; fileRef = 85DECF1B29C0BC9B00C63AEF /* User.swift */; };
/* End PBXBuildFile section */

/* Begin PBXContainerItemProxy section */
		85DECEDD29C0928D00C63AEF /* PBXContainerItemProxy */ = {
			isa = PBXContainerItemProxy;
			containerPortal = 85DECEC429C0928C00C63AEF /* Project object */;
			proxyType = 1;
			remoteGlobalIDString = 85DECECB29C0928C00C63AEF;
			remoteInfo = Jokes;
		};
		85DECEE729C0928D00C63AEF /* PBXContainerItemProxy */ = {
			isa = PBXContainerItemProxy;
			containerPortal = 85DECEC429C0928C00C63AEF /* Project object */;
			proxyType = 1;
			remoteGlobalIDString = 85DECECB29C0928C00C63AEF;
			remoteInfo = Jokes;
		};
/* End PBXContainerItemProxy section */

/* Begin PBXFileReference section */
		8549B86829C1B01D00F8F79C /* Photo.swift */ = {isa = PBXFileReference; lastKnownFileType = sourcecode.swift; path = Photo.swift; sourceTree = "<group>"; };
		8549B86C29C1B62400F8F79C /* PhotoSize.swift */ = {isa = PBXFileReference; lastKnownFileType = sourcecode.swift; path = PhotoSize.swift; sourceTree = "<group>"; };
		8549B86E29C1B63700F8F79C /* JokeType.swift */ = {isa = PBXFileReference; lastKnownFileType = sourcecode.swift; path = JokeType.swift; sourceTree = "<group>"; };
		858A136229F949FF00FD6018 /* UserAvatarView.swift */ = {isa = PBXFileReference; lastKnownFileType = sourcecode.swift; path = UserAvatarView.swift; sourceTree = "<group>"; };
		858A136429F96B5200FD6018 /* LoadingImageView.swift */ = {isa = PBXFileReference; lastKnownFileType = sourcecode.swift; path = LoadingImageView.swift; sourceTree = "<group>"; };
		85BF7A5429C8639B00825E28 /* JokesStyle.swift */ = {isa = PBXFileReference; lastKnownFileType = sourcecode.swift; path = JokesStyle.swift; sourceTree = "<group>"; };
		85CB816C29C36E3B0083625D /* EndpointsBuilder.swift */ = {isa = PBXFileReference; lastKnownFileType = sourcecode.swift; path = EndpointsBuilder.swift; sourceTree = "<group>"; };
		85CB816E29C36E460083625D /* OperationRequestBuilder.swift */ = {isa = PBXFileReference; lastKnownFileType = sourcecode.swift; path = OperationRequestBuilder.swift; sourceTree = "<group>"; };
		85CB817129C36E8D0083625D /* UserToken.swift */ = {isa = PBXFileReference; lastKnownFileType = sourcecode.swift; path = UserToken.swift; sourceTree = "<group>"; };
		85CB817329C3749B0083625D /* OperationError.swift */ = {isa = PBXFileReference; lastKnownFileType = sourcecode.swift; path = OperationError.swift; sourceTree = "<group>"; };
		85CB817529C374A50083625D /* OperationErrorCode.swift */ = {isa = PBXFileReference; lastKnownFileType = sourcecode.swift; path = OperationErrorCode.swift; sourceTree = "<group>"; };
		85CB817829C375610083625D /* AsynchronousOperation.swift */ = {isa = PBXFileReference; lastKnownFileType = sourcecode.swift; path = AsynchronousOperation.swift; sourceTree = "<group>"; };
		85CB817A29C375860083625D /* DataTaskOperation.swift */ = {isa = PBXFileReference; lastKnownFileType = sourcecode.swift; path = DataTaskOperation.swift; sourceTree = "<group>"; };
		85CB817C29C375980083625D /* DataTaskOperation+Logging.swift */ = {isa = PBXFileReference; lastKnownFileType = sourcecode.swift; path = "DataTaskOperation+Logging.swift"; sourceTree = "<group>"; };
		85CB817E29C375AF0083625D /* LocalDataTaskOperation.swift */ = {isa = PBXFileReference; lastKnownFileType = sourcecode.swift; path = LocalDataTaskOperation.swift; sourceTree = "<group>"; };
		85CB818029C375BB0083625D /* OperationStatusCode.swift */ = {isa = PBXFileReference; lastKnownFileType = sourcecode.swift; path = OperationStatusCode.swift; sourceTree = "<group>"; };
		85CB818329C43CEF0083625D /* APIResponse.swift */ = {isa = PBXFileReference; lastKnownFileType = sourcecode.swift; path = APIResponse.swift; sourceTree = "<group>"; };
		85CB818629C43D5D0083625D /* DateFormatter+UTC.swift */ = {isa = PBXFileReference; lastKnownFileType = sourcecode.swift; path = "DateFormatter+UTC.swift"; sourceTree = "<group>"; };
		85CB818B29C43DAF0083625D /* TaskConfigurator.swift */ = {isa = PBXFileReference; lastKnownFileType = sourcecode.swift; path = TaskConfigurator.swift; sourceTree = "<group>"; };
		85CB818E29C43DF30083625D /* TaskEnvironment.swift */ = {isa = PBXFileReference; lastKnownFileType = sourcecode.swift; path = TaskEnvironment.swift; sourceTree = "<group>"; };
		85CB819229C43EAD0083625D /* GetJokesOperationRequestBuilder.swift */ = {isa = PBXFileReference; lastKnownFileType = sourcecode.swift; path = GetJokesOperationRequestBuilder.swift; sourceTree = "<group>"; };
		85CB819429C43EB70083625D /* GetJokesOperation.swift */ = {isa = PBXFileReference; lastKnownFileType = sourcecode.swift; path = GetJokesOperation.swift; sourceTree = "<group>"; };
		85CB819629C43EC00083625D /* GetJokesOperationModel.swift */ = {isa = PBXFileReference; lastKnownFileType = sourcecode.swift; path = GetJokesOperationModel.swift; sourceTree = "<group>"; };
		85CB819829C43ECC0083625D /* GetJokesLocalOperation.swift */ = {isa = PBXFileReference; lastKnownFileType = sourcecode.swift; path = GetJokesLocalOperation.swift; sourceTree = "<group>"; };
		85CB819D29C4475F0083625D /* JokesTask.swift */ = {isa = PBXFileReference; lastKnownFileType = sourcecode.swift; path = JokesTask.swift; sourceTree = "<group>"; };
		85CB81A529C44C350083625D /* en */ = {isa = PBXFileReference; lastKnownFileType = text.plist.strings; name = en; path = en.lproj/Localizable.strings; sourceTree = "<group>"; };
		85CB81A729C44C530083625D /* ro */ = {isa = PBXFileReference; lastKnownFileType = text.plist.strings; name = ro; path = ro.lproj/Localizable.strings; sourceTree = "<group>"; };
		85CB81A929C44DA50083625D /* Helvetica-Bold.ttf */ = {isa = PBXFileReference; lastKnownFileType = file; path = "Helvetica-Bold.ttf"; sourceTree = "<group>"; };
		85CB81AA29C44DA50083625D /* Helvetica-Oblique.ttf */ = {isa = PBXFileReference; lastKnownFileType = file; path = "Helvetica-Oblique.ttf"; sourceTree = "<group>"; };
		85CB81AB29C44DA50083625D /* Helvetica-Light.ttf */ = {isa = PBXFileReference; lastKnownFileType = file; path = "Helvetica-Light.ttf"; sourceTree = "<group>"; };
		85CB81AC29C44DA50083625D /* Helvetica-BoldOblique.ttf */ = {isa = PBXFileReference; lastKnownFileType = file; path = "Helvetica-BoldOblique.ttf"; sourceTree = "<group>"; };
		85CB81AD29C44DA50083625D /* Helvetica.ttf */ = {isa = PBXFileReference; lastKnownFileType = file; path = Helvetica.ttf; sourceTree = "<group>"; };
		85CB81B629C44F890083625D /* ApplicationConstraints.swift */ = {isa = PBXFileReference; lastKnownFileType = sourcecode.swift; path = ApplicationConstraints.swift; sourceTree = "<group>"; };
		85CB81B829C44F920083625D /* ApplicationStyle.swift */ = {isa = PBXFileReference; lastKnownFileType = sourcecode.swift; path = ApplicationStyle.swift; sourceTree = "<group>"; };
		85CB81BB29C452440083625D /* Color+Hex.swift */ = {isa = PBXFileReference; lastKnownFileType = sourcecode.swift; path = "Color+Hex.swift"; sourceTree = "<group>"; };
		85CB81D029C467850083625D /* JokesPresenter.swift */ = {isa = PBXFileReference; fileEncoding = 4; lastKnownFileType = sourcecode.swift; path = JokesPresenter.swift; sourceTree = "<group>"; };
		85CB81D229C467850083625D /* JokeTextCell.swift */ = {isa = PBXFileReference; fileEncoding = 4; lastKnownFileType = sourcecode.swift; path = JokeTextCell.swift; sourceTree = "<group>"; };
		85CB81D329C467850083625D /* JokesInteractor.swift */ = {isa = PBXFileReference; fileEncoding = 4; lastKnownFileType = sourcecode.swift; path = JokesInteractor.swift; sourceTree = "<group>"; };
		85CB81D429C467850083625D /* JokesWorker.swift */ = {isa = PBXFileReference; fileEncoding = 4; lastKnownFileType = sourcecode.swift; path = JokesWorker.swift; sourceTree = "<group>"; };
		85CB81D529C467850083625D /* JokesModels.swift */ = {isa = PBXFileReference; fileEncoding = 4; lastKnownFileType = sourcecode.swift; path = JokesModels.swift; sourceTree = "<group>"; };
		85CB81D629C467850083625D /* JokesView.swift */ = {isa = PBXFileReference; fileEncoding = 4; lastKnownFileType = sourcecode.swift; path = JokesView.swift; sourceTree = "<group>"; };
		85CB81DE29C46AB60083625D /* TaskProtocol.swift */ = {isa = PBXFileReference; lastKnownFileType = sourcecode.swift; path = TaskProtocol.swift; sourceTree = "<group>"; };
		85DECECC29C0928C00C63AEF /* Jokes.app */ = {isa = PBXFileReference; explicitFileType = wrapper.application; includeInIndex = 0; path = Jokes.app; sourceTree = BUILT_PRODUCTS_DIR; };
		85DECECF29C0928C00C63AEF /* JokesApp.swift */ = {isa = PBXFileReference; lastKnownFileType = sourcecode.swift; path = JokesApp.swift; sourceTree = "<group>"; };
		85DECED129C0928C00C63AEF /* ContentView.swift */ = {isa = PBXFileReference; lastKnownFileType = sourcecode.swift; path = ContentView.swift; sourceTree = "<group>"; };
		85DECED329C0928D00C63AEF /* Assets.xcassets */ = {isa = PBXFileReference; lastKnownFileType = folder.assetcatalog; path = Assets.xcassets; sourceTree = "<group>"; };
		85DECED629C0928D00C63AEF /* Preview Assets.xcassets */ = {isa = PBXFileReference; lastKnownFileType = folder.assetcatalog; path = "Preview Assets.xcassets"; sourceTree = "<group>"; };
		85DECEDC29C0928D00C63AEF /* JokesTests.xctest */ = {isa = PBXFileReference; explicitFileType = wrapper.cfbundle; includeInIndex = 0; path = JokesTests.xctest; sourceTree = BUILT_PRODUCTS_DIR; };
		85DECEE029C0928D00C63AEF /* JokesTests.swift */ = {isa = PBXFileReference; lastKnownFileType = sourcecode.swift; path = JokesTests.swift; sourceTree = "<group>"; };
		85DECEE629C0928D00C63AEF /* JokesUITests.xctest */ = {isa = PBXFileReference; explicitFileType = wrapper.cfbundle; includeInIndex = 0; path = JokesUITests.xctest; sourceTree = BUILT_PRODUCTS_DIR; };
		85DECEEA29C0928D00C63AEF /* JokesUITests.swift */ = {isa = PBXFileReference; lastKnownFileType = sourcecode.swift; path = JokesUITests.swift; sourceTree = "<group>"; };
		85DECEEC29C0928D00C63AEF /* JokesUITestsLaunchTests.swift */ = {isa = PBXFileReference; lastKnownFileType = sourcecode.swift; path = JokesUITestsLaunchTests.swift; sourceTree = "<group>"; };
		85DECEFC29C09D8E00C63AEF /* BundleConfiguration.swift */ = {isa = PBXFileReference; lastKnownFileType = sourcecode.swift; path = BundleConfiguration.swift; sourceTree = "<group>"; };
		85DECF0829C0AF3900C63AEF /* LocalDevelopment.xcconfig */ = {isa = PBXFileReference; fileEncoding = 4; lastKnownFileType = text.xcconfig; path = LocalDevelopment.xcconfig; sourceTree = "<group>"; };
		85DECF0929C0AF3900C63AEF /* Development.xcconfig */ = {isa = PBXFileReference; fileEncoding = 4; lastKnownFileType = text.xcconfig; path = Development.xcconfig; sourceTree = "<group>"; };
		85DECF0C29C0AF3900C63AEF /* Production.xcconfig */ = {isa = PBXFileReference; fileEncoding = 4; lastKnownFileType = text.xcconfig; path = Production.xcconfig; sourceTree = "<group>"; };
		85DECF0D29C0AF3900C63AEF /* LocalProduction.xcconfig */ = {isa = PBXFileReference; fileEncoding = 4; lastKnownFileType = text.xcconfig; path = LocalProduction.xcconfig; sourceTree = "<group>"; };
		85DECF1629C0B42D00C63AEF /* Info.plist */ = {isa = PBXFileReference; fileEncoding = 4; lastKnownFileType = text.plist.xml; path = Info.plist; sourceTree = "<group>"; };
		85DECF1929C0BAA700C63AEF /* Joke.swift */ = {isa = PBXFileReference; lastKnownFileType = sourcecode.swift; path = Joke.swift; sourceTree = "<group>"; };
		85DECF1B29C0BC9B00C63AEF /* User.swift */ = {isa = PBXFileReference; lastKnownFileType = sourcecode.swift; path = User.swift; sourceTree = "<group>"; };
/* End PBXFileReference section */

/* Begin PBXFrameworksBuildPhase section */
		85DECEC929C0928C00C63AEF /* Frameworks */ = {
			isa = PBXFrameworksBuildPhase;
			buildActionMask = 2147483647;
			files = (
			);
			runOnlyForDeploymentPostprocessing = 0;
		};
		85DECED929C0928D00C63AEF /* Frameworks */ = {
			isa = PBXFrameworksBuildPhase;
			buildActionMask = 2147483647;
			files = (
			);
			runOnlyForDeploymentPostprocessing = 0;
		};
		85DECEE329C0928D00C63AEF /* Frameworks */ = {
			isa = PBXFrameworksBuildPhase;
			buildActionMask = 2147483647;
			files = (
			);
			runOnlyForDeploymentPostprocessing = 0;
		};
/* End PBXFrameworksBuildPhase section */

/* Begin PBXGroup section */
		8549B86629C1B00200F8F79C /* User */ = {
			isa = PBXGroup;
			children = (
				85DECF1B29C0BC9B00C63AEF /* User.swift */,
			);
			path = User;
			sourceTree = "<group>";
		};
		8549B86729C1B00A00F8F79C /* Photo */ = {
			isa = PBXGroup;
			children = (
				8549B86C29C1B62400F8F79C /* PhotoSize.swift */,
				8549B86829C1B01D00F8F79C /* Photo.swift */,
			);
			path = Photo;
			sourceTree = "<group>";
		};
		8549B86A29C1B5C900F8F79C /* Joke */ = {
			isa = PBXGroup;
			children = (
				85DECF1929C0BAA700C63AEF /* Joke.swift */,
				8549B86E29C1B63700F8F79C /* JokeType.swift */,
			);
			path = Joke;
			sourceTree = "<group>";
		};
		858A136029F949CE00FD6018 /* Components */ = {
			isa = PBXGroup;
			children = (
				858A136129F949EA00FD6018 /* Views */,
			);
			path = Components;
			sourceTree = "<group>";
		};
		858A136129F949EA00FD6018 /* Views */ = {
			isa = PBXGroup;
			children = (
				858A136229F949FF00FD6018 /* UserAvatarView.swift */,
				858A136429F96B5200FD6018 /* LoadingImageView.swift */,
			);
			path = Views;
			sourceTree = "<group>";
		};
		85CB816629C36DE80083625D /* Operations */ = {
			isa = PBXGroup;
			children = (
				85CB819029C43E620083625D /* Jokes */,
				85CB816729C36DF20083625D /* Base */,
			);
			path = Operations;
			sourceTree = "<group>";
		};
		85CB816729C36DF20083625D /* Base */ = {
			isa = PBXGroup;
			children = (
				85CB816B29C36E260083625D /* Operations */,
				85CB816A29C36E1D0083625D /* Local Operation Seeds */,
				85CB816929C36E160083625D /* Errors */,
				85CB816829C36E090083625D /* Builders */,
			);
			path = Base;
			sourceTree = "<group>";
		};
		85CB816829C36E090083625D /* Builders */ = {
			isa = PBXGroup;
			children = (
				85CB816C29C36E3B0083625D /* EndpointsBuilder.swift */,
				85CB816E29C36E460083625D /* OperationRequestBuilder.swift */,
			);
			path = Builders;
			sourceTree = "<group>";
		};
		85CB816929C36E160083625D /* Errors */ = {
			isa = PBXGroup;
			children = (
				85CB817329C3749B0083625D /* OperationError.swift */,
				85CB817529C374A50083625D /* OperationErrorCode.swift */,
			);
			path = Errors;
			sourceTree = "<group>";
		};
		85CB816A29C36E1D0083625D /* Local Operation Seeds */ = {
			isa = PBXGroup;
			children = (
			);
			path = "Local Operation Seeds";
			sourceTree = "<group>";
		};
		85CB816B29C36E260083625D /* Operations */ = {
			isa = PBXGroup;
			children = (
				85CB817829C375610083625D /* AsynchronousOperation.swift */,
				85CB817A29C375860083625D /* DataTaskOperation.swift */,
				85CB817C29C375980083625D /* DataTaskOperation+Logging.swift */,
				85CB817E29C375AF0083625D /* LocalDataTaskOperation.swift */,
				85CB818029C375BB0083625D /* OperationStatusCode.swift */,
			);
			path = Operations;
			sourceTree = "<group>";
		};
		85CB817029C36E770083625D /* User Token */ = {
			isa = PBXGroup;
			children = (
				85CB817129C36E8D0083625D /* UserToken.swift */,
			);
			path = "User Token";
			sourceTree = "<group>";
		};
		85CB818229C43CE50083625D /* APIResponse */ = {
			isa = PBXGroup;
			children = (
				85CB818329C43CEF0083625D /* APIResponse.swift */,
			);
			path = APIResponse;
			sourceTree = "<group>";
		};
		85CB818529C43D470083625D /* Date Formatter */ = {
			isa = PBXGroup;
			children = (
				85CB818629C43D5D0083625D /* DateFormatter+UTC.swift */,
			);
			path = "Date Formatter";
			sourceTree = "<group>";
		};
		85CB818829C43D680083625D /* Bundle Configuration */ = {
			isa = PBXGroup;
			children = (
				85DECEFC29C09D8E00C63AEF /* BundleConfiguration.swift */,
			);
			path = "Bundle Configuration";
			sourceTree = "<group>";
		};
		85CB818929C43D930083625D /* Task */ = {
			isa = PBXGroup;
			children = (
				85CB819A29C447190083625D /* Jokes */,
				85CB818D29C43DE90083625D /* Environment */,
				85CB818A29C43D9E0083625D /* Configurator */,
			);
			path = Task;
			sourceTree = "<group>";
		};
		85CB818A29C43D9E0083625D /* Configurator */ = {
			isa = PBXGroup;
			children = (
				85CB818B29C43DAF0083625D /* TaskConfigurator.swift */,
			);
			path = Configurator;
			sourceTree = "<group>";
		};
		85CB818D29C43DE90083625D /* Environment */ = {
			isa = PBXGroup;
			children = (
				85CB818E29C43DF30083625D /* TaskEnvironment.swift */,
			);
			path = Environment;
			sourceTree = "<group>";
		};
		85CB819029C43E620083625D /* Jokes */ = {
			isa = PBXGroup;
			children = (
				85CB819129C43E6D0083625D /* Get */,
			);
			path = Jokes;
			sourceTree = "<group>";
		};
		85CB819129C43E6D0083625D /* Get */ = {
			isa = PBXGroup;
			children = (
				85CB819229C43EAD0083625D /* GetJokesOperationRequestBuilder.swift */,
				85CB819429C43EB70083625D /* GetJokesOperation.swift */,
				85CB819629C43EC00083625D /* GetJokesOperationModel.swift */,
				85CB819829C43ECC0083625D /* GetJokesLocalOperation.swift */,
			);
			path = Get;
			sourceTree = "<group>";
		};
		85CB819A29C447190083625D /* Jokes */ = {
			isa = PBXGroup;
			children = (
				85CB819D29C4475F0083625D /* JokesTask.swift */,
			);
			path = Jokes;
			sourceTree = "<group>";
		};
		85CB81A129C44BF60083625D /* Resources */ = {
			isa = PBXGroup;
			children = (
				85CB81A829C44CC20083625D /* Fonts */,
				85DECED329C0928D00C63AEF /* Assets.xcassets */,
				85CB81A629C44C350083625D /* Localizable.strings */,
			);
			path = Resources;
			sourceTree = "<group>";
		};
		85CB81A829C44CC20083625D /* Fonts */ = {
			isa = PBXGroup;
			children = (
				85CB81A929C44DA50083625D /* Helvetica-Bold.ttf */,
				85CB81AC29C44DA50083625D /* Helvetica-BoldOblique.ttf */,
				85CB81AB29C44DA50083625D /* Helvetica-Light.ttf */,
				85CB81AA29C44DA50083625D /* Helvetica-Oblique.ttf */,
				85CB81AD29C44DA50083625D /* Helvetica.ttf */,
			);
			path = Fonts;
			sourceTree = "<group>";
		};
		85CB81B329C44F5E0083625D /* Style */ = {
			isa = PBXGroup;
			children = (
				85CB81B629C44F890083625D /* ApplicationConstraints.swift */,
				85CB81B829C44F920083625D /* ApplicationStyle.swift */,
			);
			path = Style;
			sourceTree = "<group>";
		};
		85CB81BA29C452370083625D /* Color */ = {
			isa = PBXGroup;
			children = (
				85CB81BB29C452440083625D /* Color+Hex.swift */,
			);
			path = Color;
			sourceTree = "<group>";
		};
		85CB81BD29C462560083625D /* Scenes */ = {
			isa = PBXGroup;
			children = (
				85CB81CF29C467850083625D /* Jokes */,
			);
			path = Scenes;
			sourceTree = "<group>";
		};
		85CB81CF29C467850083625D /* Jokes */ = {
			isa = PBXGroup;
			children = (
				85CB81D129C467850083625D /* Cells */,
				85CB81D029C467850083625D /* JokesPresenter.swift */,
				85CB81D329C467850083625D /* JokesInteractor.swift */,
				85CB81D429C467850083625D /* JokesWorker.swift */,
				85CB81D529C467850083625D /* JokesModels.swift */,
				85CB81D629C467850083625D /* JokesView.swift */,
				85BF7A5429C8639B00825E28 /* JokesStyle.swift */,
			);
			path = Jokes;
			sourceTree = "<group>";
		};
		85CB81D129C467850083625D /* Cells */ = {
			isa = PBXGroup;
			children = (
				85CB81D229C467850083625D /* JokeTextCell.swift */,
			);
			path = Cells;
			sourceTree = "<group>";
		};
		85CB81DD29C46AAC0083625D /* Task Protocol */ = {
			isa = PBXGroup;
			children = (
				85CB81DE29C46AB60083625D /* TaskProtocol.swift */,
			);
			path = "Task Protocol";
			sourceTree = "<group>";
		};
		85DECEC329C0928C00C63AEF = {
			isa = PBXGroup;
			children = (
				85DECECE29C0928C00C63AEF /* Jokes */,
				85DECEDF29C0928D00C63AEF /* JokesTests */,
				85DECEE929C0928D00C63AEF /* JokesUITests */,
				85DECECD29C0928C00C63AEF /* Products */,
			);
			sourceTree = "<group>";
		};
		85DECECD29C0928C00C63AEF /* Products */ = {
			isa = PBXGroup;
			children = (
				85DECECC29C0928C00C63AEF /* Jokes.app */,
				85DECEDC29C0928D00C63AEF /* JokesTests.xctest */,
				85DECEE629C0928D00C63AEF /* JokesUITests.xctest */,
			);
			name = Products;
			sourceTree = "<group>";
		};
		85DECECE29C0928C00C63AEF /* Jokes */ = {
			isa = PBXGroup;
			children = (
				858A136029F949CE00FD6018 /* Components */,
				85CB81A129C44BF60083625D /* Resources */,
				85CB81B329C44F5E0083625D /* Style */,
				85CB818929C43D930083625D /* Task */,
				85CB816629C36DE80083625D /* Operations */,
				85DECF0529C0AF3900C63AEF /* Configurations */,
				85DECEFB29C09D7A00C63AEF /* Extensions */,
				85DECF1829C0BA9900C63AEF /* Models */,
				85CB81BD29C462560083625D /* Scenes */,
				85DECECF29C0928C00C63AEF /* JokesApp.swift */,
				85DECED129C0928C00C63AEF /* ContentView.swift */,
				85DECF1629C0B42D00C63AEF /* Info.plist */,
				85DECED529C0928D00C63AEF /* Preview Content */,
			);
			path = Jokes;
			sourceTree = "<group>";
		};
		85DECED529C0928D00C63AEF /* Preview Content */ = {
			isa = PBXGroup;
			children = (
				85DECED629C0928D00C63AEF /* Preview Assets.xcassets */,
			);
			path = "Preview Content";
			sourceTree = "<group>";
		};
		85DECEDF29C0928D00C63AEF /* JokesTests */ = {
			isa = PBXGroup;
			children = (
				85DECEE029C0928D00C63AEF /* JokesTests.swift */,
			);
			path = JokesTests;
			sourceTree = "<group>";
		};
		85DECEE929C0928D00C63AEF /* JokesUITests */ = {
			isa = PBXGroup;
			children = (
				85DECEEA29C0928D00C63AEF /* JokesUITests.swift */,
				85DECEEC29C0928D00C63AEF /* JokesUITestsLaunchTests.swift */,
			);
			path = JokesUITests;
			sourceTree = "<group>";
		};
		85DECEFB29C09D7A00C63AEF /* Extensions */ = {
			isa = PBXGroup;
			children = (
				85CB81BA29C452370083625D /* Color */,
				85CB818829C43D680083625D /* Bundle Configuration */,
				85CB818529C43D470083625D /* Date Formatter */,
			);
			path = Extensions;
			sourceTree = "<group>";
		};
		85DECF0529C0AF3900C63AEF /* Configurations */ = {
			isa = PBXGroup;
			children = (
				85DECF0629C0AF3900C63AEF /* Development */,
				85DECF0A29C0AF3900C63AEF /* Production */,
			);
			path = Configurations;
			sourceTree = "<group>";
		};
		85DECF0629C0AF3900C63AEF /* Development */ = {
			isa = PBXGroup;
			children = (
				85DECF0829C0AF3900C63AEF /* LocalDevelopment.xcconfig */,
				85DECF0929C0AF3900C63AEF /* Development.xcconfig */,
			);
			path = Development;
			sourceTree = "<group>";
		};
		85DECF0A29C0AF3900C63AEF /* Production */ = {
			isa = PBXGroup;
			children = (
				85DECF0C29C0AF3900C63AEF /* Production.xcconfig */,
				85DECF0D29C0AF3900C63AEF /* LocalProduction.xcconfig */,
			);
			path = Production;
			sourceTree = "<group>";
		};
		85DECF1829C0BA9900C63AEF /* Models */ = {
			isa = PBXGroup;
			children = (
				85CB81DD29C46AAC0083625D /* Task Protocol */,
				85CB818229C43CE50083625D /* APIResponse */,
				85CB817029C36E770083625D /* User Token */,
				8549B86A29C1B5C900F8F79C /* Joke */,
				8549B86729C1B00A00F8F79C /* Photo */,
				8549B86629C1B00200F8F79C /* User */,
			);
			path = Models;
			sourceTree = "<group>";
		};
/* End PBXGroup section */

/* Begin PBXNativeTarget section */
		85DECECB29C0928C00C63AEF /* Jokes */ = {
			isa = PBXNativeTarget;
			buildConfigurationList = 85DECEF029C0928D00C63AEF /* Build configuration list for PBXNativeTarget "Jokes" */;
			buildPhases = (
				85DECEC829C0928C00C63AEF /* Sources */,
				85DECEC929C0928C00C63AEF /* Frameworks */,
				85DECECA29C0928C00C63AEF /* Resources */,
			);
			buildRules = (
			);
			dependencies = (
			);
			name = Jokes;
			productName = Jokes;
			productReference = 85DECECC29C0928C00C63AEF /* Jokes.app */;
			productType = "com.apple.product-type.application";
		};
		85DECEDB29C0928D00C63AEF /* JokesTests */ = {
			isa = PBXNativeTarget;
			buildConfigurationList = 85DECEF329C0928D00C63AEF /* Build configuration list for PBXNativeTarget "JokesTests" */;
			buildPhases = (
				85DECED829C0928D00C63AEF /* Sources */,
				85DECED929C0928D00C63AEF /* Frameworks */,
				85DECEDA29C0928D00C63AEF /* Resources */,
			);
			buildRules = (
			);
			dependencies = (
				85DECEDE29C0928D00C63AEF /* PBXTargetDependency */,
			);
			name = JokesTests;
			productName = JokesTests;
			productReference = 85DECEDC29C0928D00C63AEF /* JokesTests.xctest */;
			productType = "com.apple.product-type.bundle.unit-test";
		};
		85DECEE529C0928D00C63AEF /* JokesUITests */ = {
			isa = PBXNativeTarget;
			buildConfigurationList = 85DECEF629C0928D00C63AEF /* Build configuration list for PBXNativeTarget "JokesUITests" */;
			buildPhases = (
				85DECEE229C0928D00C63AEF /* Sources */,
				85DECEE329C0928D00C63AEF /* Frameworks */,
				85DECEE429C0928D00C63AEF /* Resources */,
			);
			buildRules = (
			);
			dependencies = (
				85DECEE829C0928D00C63AEF /* PBXTargetDependency */,
			);
			name = JokesUITests;
			productName = JokesUITests;
			productReference = 85DECEE629C0928D00C63AEF /* JokesUITests.xctest */;
			productType = "com.apple.product-type.bundle.ui-testing";
		};
/* End PBXNativeTarget section */

/* Begin PBXProject section */
		85DECEC429C0928C00C63AEF /* Project object */ = {
			isa = PBXProject;
			attributes = {
				BuildIndependentTargetsInParallel = NO;
				LastSwiftUpdateCheck = 1420;
				LastUpgradeCheck = 1420;
				TargetAttributes = {
					85DECECB29C0928C00C63AEF = {
						CreatedOnToolsVersion = 14.2;
					};
					85DECEDB29C0928D00C63AEF = {
						CreatedOnToolsVersion = 14.2;
						TestTargetID = 85DECECB29C0928C00C63AEF;
					};
					85DECEE529C0928D00C63AEF = {
						CreatedOnToolsVersion = 14.2;
						TestTargetID = 85DECECB29C0928C00C63AEF;
					};
				};
			};
			buildConfigurationList = 85DECEC729C0928C00C63AEF /* Build configuration list for PBXProject "Jokes" */;
			compatibilityVersion = "Xcode 14.0";
			developmentRegion = en;
			hasScannedForEncodings = 0;
			knownRegions = (
				en,
				Base,
				ro,
			);
			mainGroup = 85DECEC329C0928C00C63AEF;
			productRefGroup = 85DECECD29C0928C00C63AEF /* Products */;
			projectDirPath = "";
			projectRoot = "";
			targets = (
				85DECECB29C0928C00C63AEF /* Jokes */,
				85DECEDB29C0928D00C63AEF /* JokesTests */,
				85DECEE529C0928D00C63AEF /* JokesUITests */,
			);
		};
/* End PBXProject section */

/* Begin PBXResourcesBuildPhase section */
		85DECECA29C0928C00C63AEF /* Resources */ = {
			isa = PBXResourcesBuildPhase;
			buildActionMask = 2147483647;
			files = (
				85DECED729C0928D00C63AEF /* Preview Assets.xcassets in Resources */,
				85CB81AE29C44DA50083625D /* Helvetica-Bold.ttf in Resources */,
				85CB81B229C44DA50083625D /* Helvetica.ttf in Resources */,
				85CB81AF29C44DA50083625D /* Helvetica-Oblique.ttf in Resources */,
				85DECF1329C0AF3900C63AEF /* LocalProduction.xcconfig in Resources */,
				85DECF1229C0AF3900C63AEF /* Production.xcconfig in Resources */,
				85CB81B029C44DA50083625D /* Helvetica-Light.ttf in Resources */,
				85CB81A429C44C350083625D /* Localizable.strings in Resources */,
				85DECF0F29C0AF3900C63AEF /* LocalDevelopment.xcconfig in Resources */,
				85CB81B129C44DA50083625D /* Helvetica-BoldOblique.ttf in Resources */,
				85DECED429C0928D00C63AEF /* Assets.xcassets in Resources */,
				85DECF1029C0AF3900C63AEF /* Development.xcconfig in Resources */,
			);
			runOnlyForDeploymentPostprocessing = 0;
		};
		85DECEDA29C0928D00C63AEF /* Resources */ = {
			isa = PBXResourcesBuildPhase;
			buildActionMask = 2147483647;
			files = (
			);
			runOnlyForDeploymentPostprocessing = 0;
		};
		85DECEE429C0928D00C63AEF /* Resources */ = {
			isa = PBXResourcesBuildPhase;
			buildActionMask = 2147483647;
			files = (
			);
			runOnlyForDeploymentPostprocessing = 0;
		};
/* End PBXResourcesBuildPhase section */

/* Begin PBXSourcesBuildPhase section */
		85DECEC829C0928C00C63AEF /* Sources */ = {
			isa = PBXSourcesBuildPhase;
			buildActionMask = 2147483647;
			files = (
				85CB817629C374A50083625D /* OperationErrorCode.swift in Sources */,
				85CB81B929C44F920083625D /* ApplicationStyle.swift in Sources */,
				85CB818C29C43DAF0083625D /* TaskConfigurator.swift in Sources */,
				85CB81DF29C46AB60083625D /* TaskProtocol.swift in Sources */,
				85CB81DC29C467850083625D /* JokesView.swift in Sources */,
				858A136529F96B5200FD6018 /* LoadingImageView.swift in Sources */,
				8549B86D29C1B62400F8F79C /* PhotoSize.swift in Sources */,
				85CB81D929C467850083625D /* JokesInteractor.swift in Sources */,
				85DECEFD29C09D8E00C63AEF /* BundleConfiguration.swift in Sources */,
				85CB81D829C467850083625D /* JokeTextCell.swift in Sources */,
				85DECED229C0928C00C63AEF /* ContentView.swift in Sources */,
				85BF7A5529C8639B00825E28 /* JokesStyle.swift in Sources */,
				8549B86929C1B01D00F8F79C /* Photo.swift in Sources */,
				85CB81DB29C467850083625D /* JokesModels.swift in Sources */,
				85CB817929C375610083625D /* AsynchronousOperation.swift in Sources */,
				85CB819529C43EB70083625D /* GetJokesOperation.swift in Sources */,
				85CB818129C375BB0083625D /* OperationStatusCode.swift in Sources */,
				8549B86F29C1B63700F8F79C /* JokeType.swift in Sources */,
				85CB81DA29C467850083625D /* JokesWorker.swift in Sources */,
				85CB819329C43EAD0083625D /* GetJokesOperationRequestBuilder.swift in Sources */,
				85CB816F29C36E460083625D /* OperationRequestBuilder.swift in Sources */,
				85CB817429C3749B0083625D /* OperationError.swift in Sources */,
				85CB816D29C36E3B0083625D /* EndpointsBuilder.swift in Sources */,
				85CB817D29C375980083625D /* DataTaskOperation+Logging.swift in Sources */,
				85CB819729C43EC00083625D /* GetJokesOperationModel.swift in Sources */,
				85DECF1A29C0BAA700C63AEF /* Joke.swift in Sources */,
				858A136329F949FF00FD6018 /* UserAvatarView.swift in Sources */,
				85CB817B29C375860083625D /* DataTaskOperation.swift in Sources */,
				85DECF1C29C0BC9B00C63AEF /* User.swift in Sources */,
				85CB81B729C44F890083625D /* ApplicationConstraints.swift in Sources */,
				85CB818729C43D5D0083625D /* DateFormatter+UTC.swift in Sources */,
				85DECED029C0928C00C63AEF /* JokesApp.swift in Sources */,
				85CB81BC29C452440083625D /* Color+Hex.swift in Sources */,
				85CB818F29C43DF30083625D /* TaskEnvironment.swift in Sources */,
				85CB81D729C467850083625D /* JokesPresenter.swift in Sources */,
				85CB817229C36E8D0083625D /* UserToken.swift in Sources */,
				85CB819929C43ECC0083625D /* GetJokesLocalOperation.swift in Sources */,
				85CB819E29C4475F0083625D /* JokesTask.swift in Sources */,
				85CB817F29C375AF0083625D /* LocalDataTaskOperation.swift in Sources */,
				85CB818429C43CEF0083625D /* APIResponse.swift in Sources */,
			);
			runOnlyForDeploymentPostprocessing = 0;
		};
		85DECED829C0928D00C63AEF /* Sources */ = {
			isa = PBXSourcesBuildPhase;
			buildActionMask = 2147483647;
			files = (
				85DECEE129C0928D00C63AEF /* JokesTests.swift in Sources */,
			);
			runOnlyForDeploymentPostprocessing = 0;
		};
		85DECEE229C0928D00C63AEF /* Sources */ = {
			isa = PBXSourcesBuildPhase;
			buildActionMask = 2147483647;
			files = (
				85DECEEB29C0928D00C63AEF /* JokesUITests.swift in Sources */,
				85DECEED29C0928D00C63AEF /* JokesUITestsLaunchTests.swift in Sources */,
			);
			runOnlyForDeploymentPostprocessing = 0;
		};
/* End PBXSourcesBuildPhase section */

/* Begin PBXTargetDependency section */
		85DECEDE29C0928D00C63AEF /* PBXTargetDependency */ = {
			isa = PBXTargetDependency;
			target = 85DECECB29C0928C00C63AEF /* Jokes */;
			targetProxy = 85DECEDD29C0928D00C63AEF /* PBXContainerItemProxy */;
		};
		85DECEE829C0928D00C63AEF /* PBXTargetDependency */ = {
			isa = PBXTargetDependency;
			target = 85DECECB29C0928C00C63AEF /* Jokes */;
			targetProxy = 85DECEE729C0928D00C63AEF /* PBXContainerItemProxy */;
		};
/* End PBXTargetDependency section */

/* Begin PBXVariantGroup section */
		85CB81A629C44C350083625D /* Localizable.strings */ = {
			isa = PBXVariantGroup;
			children = (
				85CB81A529C44C350083625D /* en */,
				85CB81A729C44C530083625D /* ro */,
			);
			name = Localizable.strings;
			sourceTree = "<group>";
		};
/* End PBXVariantGroup section */

/* Begin XCBuildConfiguration section */
		85DECEEE29C0928D00C63AEF /* Debug */ = {
			isa = XCBuildConfiguration;
			baseConfigurationReference = 85DECF0929C0AF3900C63AEF /* Development.xcconfig */;
			buildSettings = {
				ALWAYS_SEARCH_USER_PATHS = NO;
				CLANG_ANALYZER_LOCALIZABILITY_NONLOCALIZED = YES;
				CLANG_ANALYZER_NONNULL = YES;
				CLANG_ANALYZER_NUMBER_OBJECT_CONVERSION = YES_AGGRESSIVE;
				CLANG_CXX_LANGUAGE_STANDARD = "gnu++20";
				CLANG_ENABLE_MODULES = YES;
				CLANG_ENABLE_OBJC_ARC = YES;
				CLANG_ENABLE_OBJC_WEAK = YES;
				CLANG_WARN_BLOCK_CAPTURE_AUTORELEASING = YES;
				CLANG_WARN_BOOL_CONVERSION = YES;
				CLANG_WARN_COMMA = YES;
				CLANG_WARN_CONSTANT_CONVERSION = YES;
				CLANG_WARN_DEPRECATED_OBJC_IMPLEMENTATIONS = YES;
				CLANG_WARN_DIRECT_OBJC_ISA_USAGE = YES_ERROR;
				CLANG_WARN_DOCUMENTATION_COMMENTS = YES;
				CLANG_WARN_EMPTY_BODY = YES;
				CLANG_WARN_ENUM_CONVERSION = YES;
				CLANG_WARN_INFINITE_RECURSION = YES;
				CLANG_WARN_INT_CONVERSION = YES;
				CLANG_WARN_NON_LITERAL_NULL_CONVERSION = YES;
				CLANG_WARN_OBJC_IMPLICIT_RETAIN_SELF = YES;
				CLANG_WARN_OBJC_LITERAL_CONVERSION = YES;
				CLANG_WARN_OBJC_ROOT_CLASS = YES_ERROR;
				CLANG_WARN_QUOTED_INCLUDE_IN_FRAMEWORK_HEADER = YES;
				CLANG_WARN_RANGE_LOOP_ANALYSIS = YES;
				CLANG_WARN_STRICT_PROTOTYPES = YES;
				CLANG_WARN_SUSPICIOUS_MOVE = YES;
				CLANG_WARN_UNGUARDED_AVAILABILITY = YES_AGGRESSIVE;
				CLANG_WARN_UNREACHABLE_CODE = YES;
				CLANG_WARN__DUPLICATE_METHOD_MATCH = YES;
				COPY_PHASE_STRIP = NO;
				DEBUG_INFORMATION_FORMAT = dwarf;
				ENABLE_STRICT_OBJC_MSGSEND = YES;
				ENABLE_TESTABILITY = YES;
				GCC_C_LANGUAGE_STANDARD = gnu11;
				GCC_DYNAMIC_NO_PIC = NO;
				GCC_NO_COMMON_BLOCKS = YES;
				GCC_OPTIMIZATION_LEVEL = 0;
				GCC_PREPROCESSOR_DEFINITIONS = (
					"DEBUG=1",
					"$(inherited)",
				);
				GCC_WARN_64_TO_32_BIT_CONVERSION = YES;
				GCC_WARN_ABOUT_RETURN_TYPE = YES_ERROR;
				GCC_WARN_UNDECLARED_SELECTOR = YES;
				GCC_WARN_UNINITIALIZED_AUTOS = YES_AGGRESSIVE;
				GCC_WARN_UNUSED_FUNCTION = YES;
				GCC_WARN_UNUSED_VARIABLE = YES;
				IPHONEOS_DEPLOYMENT_TARGET = 16.2;
				MTL_ENABLE_DEBUG_INFO = INCLUDE_SOURCE;
				MTL_FAST_MATH = YES;
				ONLY_ACTIVE_ARCH = YES;
				SDKROOT = iphoneos;
				SWIFT_ACTIVE_COMPILATION_CONDITIONS = DEBUG;
				SWIFT_OPTIMIZATION_LEVEL = "-Onone";
			};
			name = Debug;
		};
		85DECEEF29C0928D00C63AEF /* Release */ = {
			isa = XCBuildConfiguration;
			baseConfigurationReference = 85DECF0C29C0AF3900C63AEF /* Production.xcconfig */;
			buildSettings = {
				ALWAYS_SEARCH_USER_PATHS = NO;
				CLANG_ANALYZER_LOCALIZABILITY_NONLOCALIZED = YES;
				CLANG_ANALYZER_NONNULL = YES;
				CLANG_ANALYZER_NUMBER_OBJECT_CONVERSION = YES_AGGRESSIVE;
				CLANG_CXX_LANGUAGE_STANDARD = "gnu++20";
				CLANG_ENABLE_MODULES = YES;
				CLANG_ENABLE_OBJC_ARC = YES;
				CLANG_ENABLE_OBJC_WEAK = YES;
				CLANG_WARN_BLOCK_CAPTURE_AUTORELEASING = YES;
				CLANG_WARN_BOOL_CONVERSION = YES;
				CLANG_WARN_COMMA = YES;
				CLANG_WARN_CONSTANT_CONVERSION = YES;
				CLANG_WARN_DEPRECATED_OBJC_IMPLEMENTATIONS = YES;
				CLANG_WARN_DIRECT_OBJC_ISA_USAGE = YES_ERROR;
				CLANG_WARN_DOCUMENTATION_COMMENTS = YES;
				CLANG_WARN_EMPTY_BODY = YES;
				CLANG_WARN_ENUM_CONVERSION = YES;
				CLANG_WARN_INFINITE_RECURSION = YES;
				CLANG_WARN_INT_CONVERSION = YES;
				CLANG_WARN_NON_LITERAL_NULL_CONVERSION = YES;
				CLANG_WARN_OBJC_IMPLICIT_RETAIN_SELF = YES;
				CLANG_WARN_OBJC_LITERAL_CONVERSION = YES;
				CLANG_WARN_OBJC_ROOT_CLASS = YES_ERROR;
				CLANG_WARN_QUOTED_INCLUDE_IN_FRAMEWORK_HEADER = YES;
				CLANG_WARN_RANGE_LOOP_ANALYSIS = YES;
				CLANG_WARN_STRICT_PROTOTYPES = YES;
				CLANG_WARN_SUSPICIOUS_MOVE = YES;
				CLANG_WARN_UNGUARDED_AVAILABILITY = YES_AGGRESSIVE;
				CLANG_WARN_UNREACHABLE_CODE = YES;
				CLANG_WARN__DUPLICATE_METHOD_MATCH = YES;
				COPY_PHASE_STRIP = NO;
				DEBUG_INFORMATION_FORMAT = "dwarf-with-dsym";
				ENABLE_NS_ASSERTIONS = NO;
				ENABLE_STRICT_OBJC_MSGSEND = YES;
				GCC_C_LANGUAGE_STANDARD = gnu11;
				GCC_NO_COMMON_BLOCKS = YES;
				GCC_WARN_64_TO_32_BIT_CONVERSION = YES;
				GCC_WARN_ABOUT_RETURN_TYPE = YES_ERROR;
				GCC_WARN_UNDECLARED_SELECTOR = YES;
				GCC_WARN_UNINITIALIZED_AUTOS = YES_AGGRESSIVE;
				GCC_WARN_UNUSED_FUNCTION = YES;
				GCC_WARN_UNUSED_VARIABLE = YES;
				IPHONEOS_DEPLOYMENT_TARGET = 16.2;
				MTL_ENABLE_DEBUG_INFO = NO;
				MTL_FAST_MATH = YES;
				SDKROOT = iphoneos;
				SWIFT_COMPILATION_MODE = wholemodule;
				SWIFT_OPTIMIZATION_LEVEL = "-O";
				VALIDATE_PRODUCT = YES;
			};
			name = Release;
		};
		85DECEF129C0928D00C63AEF /* Debug */ = {
			isa = XCBuildConfiguration;
			baseConfigurationReference = 85DECF0929C0AF3900C63AEF /* Development.xcconfig */;
			buildSettings = {
				ASSETCATALOG_COMPILER_APPICON_NAME = AppIcon;
				ASSETCATALOG_COMPILER_GLOBAL_ACCENT_COLOR_NAME = AccentColor;
				CODE_SIGN_STYLE = Automatic;
				CURRENT_PROJECT_VERSION = 1;
				DEVELOPMENT_ASSET_PATHS = "\"Jokes/Preview Content\"";
				ENABLE_PREVIEWS = YES;
				GENERATE_INFOPLIST_FILE = YES;
				INFOPLIST_FILE = Jokes/Info.plist;
				INFOPLIST_KEY_UIApplicationSceneManifest_Generation = YES;
				INFOPLIST_KEY_UIApplicationSupportsIndirectInputEvents = YES;
				INFOPLIST_KEY_UILaunchScreen_Generation = YES;
				INFOPLIST_KEY_UISupportedInterfaceOrientations_iPad = "UIInterfaceOrientationPortrait UIInterfaceOrientationPortraitUpsideDown UIInterfaceOrientationLandscapeLeft UIInterfaceOrientationLandscapeRight";
				INFOPLIST_KEY_UISupportedInterfaceOrientations_iPhone = "UIInterfaceOrientationPortrait UIInterfaceOrientationLandscapeLeft UIInterfaceOrientationLandscapeRight";
				LD_RUNPATH_SEARCH_PATHS = (
					"$(inherited)",
					"@executable_path/Frameworks",
				);
				MARKETING_VERSION = 1.0;
				PRODUCT_BUNDLE_IDENTIFIER = dev.bee.wise.Jokes;
				PRODUCT_NAME = "$(TARGET_NAME)";
				SWIFT_EMIT_LOC_STRINGS = YES;
				SWIFT_VERSION = 5.0;
				TARGETED_DEVICE_FAMILY = "1,2";
			};
			name = Debug;
		};
		85DECEF229C0928D00C63AEF /* Release */ = {
			isa = XCBuildConfiguration;
			baseConfigurationReference = 85DECF0C29C0AF3900C63AEF /* Production.xcconfig */;
			buildSettings = {
				ASSETCATALOG_COMPILER_APPICON_NAME = AppIcon;
				ASSETCATALOG_COMPILER_GLOBAL_ACCENT_COLOR_NAME = AccentColor;
				CODE_SIGN_STYLE = Automatic;
				CURRENT_PROJECT_VERSION = 1;
				DEVELOPMENT_ASSET_PATHS = "\"Jokes/Preview Content\"";
				ENABLE_PREVIEWS = YES;
				GENERATE_INFOPLIST_FILE = YES;
				INFOPLIST_FILE = Jokes/Info.plist;
				INFOPLIST_KEY_UIApplicationSceneManifest_Generation = YES;
				INFOPLIST_KEY_UIApplicationSupportsIndirectInputEvents = YES;
				INFOPLIST_KEY_UILaunchScreen_Generation = YES;
				INFOPLIST_KEY_UISupportedInterfaceOrientations_iPad = "UIInterfaceOrientationPortrait UIInterfaceOrientationPortraitUpsideDown UIInterfaceOrientationLandscapeLeft UIInterfaceOrientationLandscapeRight";
				INFOPLIST_KEY_UISupportedInterfaceOrientations_iPhone = "UIInterfaceOrientationPortrait UIInterfaceOrientationLandscapeLeft UIInterfaceOrientationLandscapeRight";
				LD_RUNPATH_SEARCH_PATHS = (
					"$(inherited)",
					"@executable_path/Frameworks",
				);
				MARKETING_VERSION = 1.0;
				PRODUCT_BUNDLE_IDENTIFIER = dev.bee.wise.Jokes;
				PRODUCT_NAME = "$(TARGET_NAME)";
				SWIFT_EMIT_LOC_STRINGS = YES;
				SWIFT_VERSION = 5.0;
				TARGETED_DEVICE_FAMILY = "1,2";
			};
			name = Release;
		};
		85DECEF429C0928D00C63AEF /* Debug */ = {
			isa = XCBuildConfiguration;
			baseConfigurationReference = 85DECF0929C0AF3900C63AEF /* Development.xcconfig */;
			buildSettings = {
				ALWAYS_EMBED_SWIFT_STANDARD_LIBRARIES = YES;
				BUNDLE_LOADER = "$(TEST_HOST)";
				CODE_SIGN_STYLE = Automatic;
				CURRENT_PROJECT_VERSION = 1;
				GENERATE_INFOPLIST_FILE = YES;
				IPHONEOS_DEPLOYMENT_TARGET = 16.2;
				MARKETING_VERSION = 1.0;
				PRODUCT_BUNDLE_IDENTIFIER = dev.bee.wise.JokesTests;
				PRODUCT_NAME = "$(TARGET_NAME)";
				SWIFT_EMIT_LOC_STRINGS = NO;
				SWIFT_VERSION = 5.0;
				TARGETED_DEVICE_FAMILY = "1,2";
				TEST_HOST = "$(BUILT_PRODUCTS_DIR)/Jokes.app/$(BUNDLE_EXECUTABLE_FOLDER_PATH)/Jokes";
			};
			name = Debug;
		};
		85DECEF529C0928D00C63AEF /* Release */ = {
			isa = XCBuildConfiguration;
			baseConfigurationReference = 85DECF0C29C0AF3900C63AEF /* Production.xcconfig */;
			buildSettings = {
				ALWAYS_EMBED_SWIFT_STANDARD_LIBRARIES = YES;
				BUNDLE_LOADER = "$(TEST_HOST)";
				CODE_SIGN_STYLE = Automatic;
				CURRENT_PROJECT_VERSION = 1;
				GENERATE_INFOPLIST_FILE = YES;
				IPHONEOS_DEPLOYMENT_TARGET = 16.2;
				MARKETING_VERSION = 1.0;
				PRODUCT_BUNDLE_IDENTIFIER = dev.bee.wise.JokesTests;
				PRODUCT_NAME = "$(TARGET_NAME)";
				SWIFT_EMIT_LOC_STRINGS = NO;
				SWIFT_VERSION = 5.0;
				TARGETED_DEVICE_FAMILY = "1,2";
				TEST_HOST = "$(BUILT_PRODUCTS_DIR)/Jokes.app/$(BUNDLE_EXECUTABLE_FOLDER_PATH)/Jokes";
			};
			name = Release;
		};
		85DECEF729C0928D00C63AEF /* Debug */ = {
			isa = XCBuildConfiguration;
			baseConfigurationReference = 85DECF0929C0AF3900C63AEF /* Development.xcconfig */;
			buildSettings = {
				ALWAYS_EMBED_SWIFT_STANDARD_LIBRARIES = YES;
				CODE_SIGN_STYLE = Automatic;
				CURRENT_PROJECT_VERSION = 1;
				GENERATE_INFOPLIST_FILE = YES;
				MARKETING_VERSION = 1.0;
				PRODUCT_BUNDLE_IDENTIFIER = dev.bee.wise.JokesUITests;
				PRODUCT_NAME = "$(TARGET_NAME)";
				SWIFT_EMIT_LOC_STRINGS = NO;
				SWIFT_VERSION = 5.0;
				TARGETED_DEVICE_FAMILY = "1,2";
				TEST_TARGET_NAME = Jokes;
			};
			name = Debug;
		};
		85DECEF829C0928D00C63AEF /* Release */ = {
			isa = XCBuildConfiguration;
			baseConfigurationReference = 85DECF0C29C0AF3900C63AEF /* Production.xcconfig */;
			buildSettings = {
				ALWAYS_EMBED_SWIFT_STANDARD_LIBRARIES = YES;
				CODE_SIGN_STYLE = Automatic;
				CURRENT_PROJECT_VERSION = 1;
				GENERATE_INFOPLIST_FILE = YES;
				MARKETING_VERSION = 1.0;
				PRODUCT_BUNDLE_IDENTIFIER = dev.bee.wise.JokesUITests;
				PRODUCT_NAME = "$(TARGET_NAME)";
				SWIFT_EMIT_LOC_STRINGS = NO;
				SWIFT_VERSION = 5.0;
				TARGETED_DEVICE_FAMILY = "1,2";
				TEST_TARGET_NAME = Jokes;
			};
			name = Release;
		};
/* End XCBuildConfiguration section */

/* Begin XCConfigurationList section */
		85DECEC729C0928C00C63AEF /* Build configuration list for PBXProject "Jokes" */ = {
			isa = XCConfigurationList;
			buildConfigurations = (
				85DECEEE29C0928D00C63AEF /* Debug */,
				85DECEEF29C0928D00C63AEF /* Release */,
			);
			defaultConfigurationIsVisible = 0;
			defaultConfigurationName = Release;
		};
		85DECEF029C0928D00C63AEF /* Build configuration list for PBXNativeTarget "Jokes" */ = {
			isa = XCConfigurationList;
			buildConfigurations = (
				85DECEF129C0928D00C63AEF /* Debug */,
				85DECEF229C0928D00C63AEF /* Release */,
			);
			defaultConfigurationIsVisible = 0;
			defaultConfigurationName = Release;
		};
		85DECEF329C0928D00C63AEF /* Build configuration list for PBXNativeTarget "JokesTests" */ = {
			isa = XCConfigurationList;
			buildConfigurations = (
				85DECEF429C0928D00C63AEF /* Debug */,
				85DECEF529C0928D00C63AEF /* Release */,
			);
			defaultConfigurationIsVisible = 0;
			defaultConfigurationName = Release;
		};
		85DECEF629C0928D00C63AEF /* Build configuration list for PBXNativeTarget "JokesUITests" */ = {
			isa = XCConfigurationList;
			buildConfigurations = (
				85DECEF729C0928D00C63AEF /* Debug */,
				85DECEF829C0928D00C63AEF /* Release */,
			);
			defaultConfigurationIsVisible = 0;
			defaultConfigurationName = Release;
		};
/* End XCConfigurationList section */
	};
	rootObject = 85DECEC429C0928C00C63AEF /* Project object */;
}
